{
  "name": "my-plenti-app",
  "version": "1.0.0",
  "lockfileVersion": 2,
  "requires": true,
  "packages": {
    "": {
      "name": "my-plenti-app",
      "version": "1.0.0",
      "dependencies": {
        "gocommerce-js": "^5.0.0",
        "navaid": "^1.2.0",
        "regexparam": "^1.3.0",
        "svelte": "^3.38.3"
      }
    },
    "node_modules/gocommerce-js": {
      "version": "5.0.0",
      "resolved": "https://registry.npmjs.org/gocommerce-js/-/gocommerce-js-5.0.0.tgz",
      "integrity": "sha512-GHZx3KfJONkyBEui7JmBki0UiXfYgRjeismBtprctQ4vhzbh2q3z0ei9NGr8WGed/qdHiSxM1m+vlkkn34EAhA==",
      "dependencies": {
        "micro-api-client": "^2.0.0"
      }
    },
    "node_modules/micro-api-client": {
      "version": "2.0.0",
      "resolved": "https://registry.npmjs.org/micro-api-client/-/micro-api-client-2.0.0.tgz",
      "integrity": "sha512-CnRKUgswyOq2J1n9bUWTD+X1aHejY5hlz1phAbIecpljsqR8y1NRKmsdR6z9qpMIcQPZNqiR5GD2NxS3FKPM4Q=="
    },
    "node_modules/navaid": {
      "version": "1.2.0",
      "license": "MIT",
      "dependencies": {
        "regexparam": "^1.0.2"
      },
      "engines": {
        "node": ">= 6"
      }
    },
    "node_modules/regexparam": {
      "version": "1.3.0",
      "license": "MIT",
      "engines": {
        "node": ">=6"
      }
    },
    "node_modules/svelte": {
      "version": "3.38.3",
      "license": "MIT",
      "engines": {
        "node": ">= 8"
      }
    }
  },
  "dependencies": {
    "gocommerce-js": {
      "version": "5.0.0",
      "resolved": "https://registry.npmjs.org/gocommerce-js/-/gocommerce-js-5.0.0.tgz",
      "integrity": "sha512-GHZx3KfJONkyBEui7JmBki0UiXfYgRjeismBtprctQ4vhzbh2q3z0ei9NGr8WGed/qdHiSxM1m+vlkkn34EAhA==",
      "requires": {
        "micro-api-client": "^2.0.0"
      }
    },
    "micro-api-client": {
      "version": "2.0.0",
      "resolved": "https://registry.npmjs.org/micro-api-client/-/micro-api-client-2.0.0.tgz",
      "integrity": "sha512-CnRKUgswyOq2J1n9bUWTD+X1aHejY5hlz1phAbIecpljsqR8y1NRKmsdR6z9qpMIcQPZNqiR5GD2NxS3FKPM4Q=="
    },
    "navaid": {
      "version": "1.2.0",
      "requires": {
        "regexparam": "^1.0.2"
      }
    },
    "regexparam": {
      "version": "1.3.0"
    },
    "svelte": {
      "version": "3.38.3"
    }
  }
}
